
Microsoft Visual Studio Solution File, Format Version 12.00
# Visual Studio Version 17
VisualStudioVersion = 17.4.33103.184
MinimumVisualStudioVersion = 10.0.40219.1
Project("{2150E333-8FDC-42A3-9474-1A3956D46DE8}") = "FrontEnd", "FrontEnd", "{96637AF1-BA9C-4BBC-A9DE-E4E930442F52}"
EndProject
Project("{2150E333-8FDC-42A3-9474-1A3956D46DE8}") = "Services", "Services", "{E6AEDA43-B84C-42BE-85EA-4AEB7E94B0E5}"
EndProject
Project("{9A19103F-16F7-4668-BE54-9A1E7A4F7556}") = "GeekShopping.web", "GeekShopping.web\GeekShopping.web.csproj", "{A6C21230-50AC-48C0-BC79-69B179C50ED6}"
EndProject
Project("{9A19103F-16F7-4668-BE54-9A1E7A4F7556}") = "GeekShopping.ProductAPI", "GeekShopping.ProductAPI\GeekShopping.ProductAPI.csproj", "{FC3FD58A-51D8-41BF-B34C-59E03B13FC81}"
EndProject
Project("{9A19103F-16F7-4668-BE54-9A1E7A4F7556}") = "GeekShopping.IdentityServer", "GeekShopping.IdentityServer\GeekShopping.IdentityServer.csproj", "{3A7C2593-CB02-450E-B2F4-D59C7A6B3E0D}"
EndProject
Project("{9A19103F-16F7-4668-BE54-9A1E7A4F7556}") = "GeekShopping.CartAPI", "GeekShopping.CartAPI\GeekShopping.CartAPI.csproj", "{EECCC4CB-B55C-4F2A-BED7-3BF62E7AE32F}"
EndProject
Project("{9A19103F-16F7-4668-BE54-9A1E7A4F7556}") = "GeekShopping.CouponAPI", "GeekShopping.CouponAPI\GeekShopping.CouponAPI.csproj", "{66B33BC6-E10A-4BA3-894A-D73C920A573D}"
EndProject
Project("{2150E333-8FDC-42A3-9474-1A3956D46DE8}") = "Integration", "Integration", "{2E6D961F-28FF-4095-AA00-7E536E10AB0E}"
EndProject
Project("{9A19103F-16F7-4668-BE54-9A1E7A4F7556}") = "GeekShopping.MessageBus", "GeekShopping.MessageBus\GeekShopping.MessageBus.csproj", "{0203CAB9-2B40-42B2-A4B4-AA36987C4AB1}"
EndProject
Project("{9A19103F-16F7-4668-BE54-9A1E7A4F7556}") = "GeekShopping.OrderAPI", "GeekShopping.OrderAPI\GeekShopping.OrderAPI.csproj", "{937C3F31-CFDC-4B16-85FB-67A7121D5BAE}"
EndProject
Project("{2150E333-8FDC-42A3-9474-1A3956D46DE8}") = "Payments", "Payments", "{2BC286EA-1F38-4397-BC06-40DD38048A2F}"
EndProject
Project("{9A19103F-16F7-4668-BE54-9A1E7A4F7556}") = "GeekShopping.PaymentProcessor", "GeekShopping.PaymentProcessor\GeekShopping.PaymentProcessor.csproj", "{1B788E01-3048-4EFD-BD1F-CAB6D99CCC3E}"
EndProject
Project("{9A19103F-16F7-4668-BE54-9A1E7A4F7556}") = "GeekShopping.PaymentAPI", "GeekShopping.PaymentAPI\GeekShopping.PaymentAPI.csproj", "{11AEFC8F-E377-4A1D-92C6-E395EB5406C7}"
EndProject
Project("{FAE04EC0-301F-11D3-BF4B-00C04F79EFBC}") = "GeekShopping.Email", "GeekShopping.Email\GeekShopping.Email.csproj", "{50018538-F629-416D-83D0-01D68813B623}"
EndProject
Global
	GlobalSection(SolutionConfigurationPlatforms) = preSolution
		Debug|Any CPU = Debug|Any CPU
		Release|Any CPU = Release|Any CPU
	EndGlobalSection
	GlobalSection(ProjectConfigurationPlatforms) = postSolution
		{A6C21230-50AC-48C0-BC79-69B179C50ED6}.Debug|Any CPU.ActiveCfg = Debug|Any CPU
		{A6C21230-50AC-48C0-BC79-69B179C50ED6}.Debug|Any CPU.Build.0 = Debug|Any CPU
		{A6C21230-50AC-48C0-BC79-69B179C50ED6}.Release|Any CPU.ActiveCfg = Release|Any CPU
		{A6C21230-50AC-48C0-BC79-69B179C50ED6}.Release|Any CPU.Build.0 = Release|Any CPU
		{FC3FD58A-51D8-41BF-B34C-59E03B13FC81}.Debug|Any CPU.ActiveCfg = Debug|Any CPU
		{FC3FD58A-51D8-41BF-B34C-59E03B13FC81}.Debug|Any CPU.Build.0 = Debug|Any CPU
		{FC3FD58A-51D8-41BF-B34C-59E03B13FC81}.Release|Any CPU.ActiveCfg = Release|Any CPU
		{FC3FD58A-51D8-41BF-B34C-59E03B13FC81}.Release|Any CPU.Build.0 = Release|Any CPU
		{3A7C2593-CB02-450E-B2F4-D59C7A6B3E0D}.Debug|Any CPU.ActiveCfg = Debug|Any CPU
		{3A7C2593-CB02-450E-B2F4-D59C7A6B3E0D}.Debug|Any CPU.Build.0 = Debug|Any CPU
		{3A7C2593-CB02-450E-B2F4-D59C7A6B3E0D}.Release|Any CPU.ActiveCfg = Release|Any CPU
		{3A7C2593-CB02-450E-B2F4-D59C7A6B3E0D}.Release|Any CPU.Build.0 = Release|Any CPU
		{EECCC4CB-B55C-4F2A-BED7-3BF62E7AE32F}.Debug|Any CPU.ActiveCfg = Debug|Any CPU
		{EECCC4CB-B55C-4F2A-BED7-3BF62E7AE32F}.Debug|Any CPU.Build.0 = Debug|Any CPU
		{EECCC4CB-B55C-4F2A-BED7-3BF62E7AE32F}.Release|Any CPU.ActiveCfg = Release|Any CPU
		{EECCC4CB-B55C-4F2A-BED7-3BF62E7AE32F}.Release|Any CPU.Build.0 = Release|Any CPU
		{66B33BC6-E10A-4BA3-894A-D73C920A573D}.Debug|Any CPU.ActiveCfg = Debug|Any CPU
		{66B33BC6-E10A-4BA3-894A-D73C920A573D}.Debug|Any CPU.Build.0 = Debug|Any CPU
		{66B33BC6-E10A-4BA3-894A-D73C920A573D}.Release|Any CPU.ActiveCfg = Release|Any CPU
		{66B33BC6-E10A-4BA3-894A-D73C920A573D}.Release|Any CPU.Build.0 = Release|Any CPU
		{0203CAB9-2B40-42B2-A4B4-AA36987C4AB1}.Debug|Any CPU.ActiveCfg = Debug|Any CPU
		{0203CAB9-2B40-42B2-A4B4-AA36987C4AB1}.Debug|Any CPU.Build.0 = Debug|Any CPU
		{0203CAB9-2B40-42B2-A4B4-AA36987C4AB1}.Release|Any CPU.ActiveCfg = Release|Any CPU
		{0203CAB9-2B40-42B2-A4B4-AA36987C4AB1}.Release|Any CPU.Build.0 = Release|Any CPU
		{937C3F31-CFDC-4B16-85FB-67A7121D5BAE}.Debug|Any CPU.ActiveCfg = Debug|Any CPU
		{937C3F31-CFDC-4B16-85FB-67A7121D5BAE}.Debug|Any CPU.Build.0 = Debug|Any CPU
		{937C3F31-CFDC-4B16-85FB-67A7121D5BAE}.Release|Any CPU.ActiveCfg = Release|Any CPU
		{937C3F31-CFDC-4B16-85FB-67A7121D5BAE}.Release|Any CPU.Build.0 = Release|Any CPU
		{1B788E01-3048-4EFD-BD1F-CAB6D99CCC3E}.Debug|Any CPU.ActiveCfg = Debug|Any CPU
		{1B788E01-3048-4EFD-BD1F-CAB6D99CCC3E}.Debug|Any CPU.Build.0 = Debug|Any CPU
		{1B788E01-3048-4EFD-BD1F-CAB6D99CCC3E}.Release|Any CPU.ActiveCfg = Release|Any CPU
		{1B788E01-3048-4EFD-BD1F-CAB6D99CCC3E}.Release|Any CPU.Build.0 = Release|Any CPU
		{11AEFC8F-E377-4A1D-92C6-E395EB5406C7}.Debug|Any CPU.ActiveCfg = Debug|Any CPU
		{11AEFC8F-E377-4A1D-92C6-E395EB5406C7}.Debug|Any CPU.Build.0 = Debug|Any CPU
		{11AEFC8F-E377-4A1D-92C6-E395EB5406C7}.Release|Any CPU.ActiveCfg = Release|Any CPU
		{11AEFC8F-E377-4A1D-92C6-E395EB5406C7}.Release|Any CPU.Build.0 = Release|Any CPU
		{50018538-F629-416D-83D0-01D68813B623}.Debug|Any CPU.ActiveCfg = Debug|Any CPU
		{50018538-F629-416D-83D0-01D68813B623}.Debug|Any CPU.Build.0 = Debug|Any CPU
		{50018538-F629-416D-83D0-01D68813B623}.Release|Any CPU.ActiveCfg = Release|Any CPU
		{50018538-F629-416D-83D0-01D68813B623}.Release|Any CPU.Build.0 = Release|Any CPU
	EndGlobalSection
	GlobalSection(SolutionProperties) = preSolution
		HideSolutionNode = FALSE
	EndGlobalSection
	GlobalSection(NestedProjects) = preSolution
		{A6C21230-50AC-48C0-BC79-69B179C50ED6} = {96637AF1-BA9C-4BBC-A9DE-E4E930442F52}
		{FC3FD58A-51D8-41BF-B34C-59E03B13FC81} = {E6AEDA43-B84C-42BE-85EA-4AEB7E94B0E5}
		{3A7C2593-CB02-450E-B2F4-D59C7A6B3E0D} = {E6AEDA43-B84C-42BE-85EA-4AEB7E94B0E5}
		{EECCC4CB-B55C-4F2A-BED7-3BF62E7AE32F} = {E6AEDA43-B84C-42BE-85EA-4AEB7E94B0E5}
		{66B33BC6-E10A-4BA3-894A-D73C920A573D} = {E6AEDA43-B84C-42BE-85EA-4AEB7E94B0E5}
		{0203CAB9-2B40-42B2-A4B4-AA36987C4AB1} = {2E6D961F-28FF-4095-AA00-7E536E10AB0E}
		{937C3F31-CFDC-4B16-85FB-67A7121D5BAE} = {E6AEDA43-B84C-42BE-85EA-4AEB7E94B0E5}
		{1B788E01-3048-4EFD-BD1F-CAB6D99CCC3E} = {2BC286EA-1F38-4397-BC06-40DD38048A2F}
		{11AEFC8F-E377-4A1D-92C6-E395EB5406C7} = {E6AEDA43-B84C-42BE-85EA-4AEB7E94B0E5}
		{50018538-F629-416D-83D0-01D68813B623} = {E6AEDA43-B84C-42BE-85EA-4AEB7E94B0E5}
	EndGlobalSection
	GlobalSection(ExtensibilityGlobals) = postSolution
		SolutionGuid = {7214DE50-AF4D-4E3D-BBDB-E846D4634076}
	EndGlobalSection
EndGlobal
